
Microsoft Visual Studio Solution File, Format Version 12.00
# Visual Studio Version 16
VisualStudioVersion = 16.0.30717.126
MinimumVisualStudioVersion = 10.0.40219.1
Project("{FAE04EC0-301F-11D3-BF4B-00C04F79EFBC}") = "PrintSpooferNet", "PrintSpooferNet.csproj", "{FE07F76D-FF57-40BB-8167-326C0105AAF3}"
EndProject
Global
	GlobalSection(SolutionConfigurationPlatforms) = preSolution
		Debug|Any CPU = Debug|Any CPU
		Release|Any CPU = Release|Any CPU
	EndGlobalSection
	GlobalSection(ProjectConfigurationPlatforms) = postSolution
		{FE07F76D-FF57-40BB-8167-326C0105AAF3}.Debug|Any CPU.ActiveCfg = Debug|Any CPU
		{FE07F76D-FF57-40BB-8167-326C0105AAF3}.Debug|Any CPU.Build.0 = Debug|Any CPU
		{FE07F76D-FF57-40BB-8167-326C0105AAF3}.Release|Any CPU.ActiveCfg = Release|Any CPU
		{FE07F76D-FF57-40BB-8167-326C0105AAF3}.Release|Any CPU.Build.0 = Release|Any CPU
	EndGlobalSection
	GlobalSection(SolutionProperties) = preSolution
		HideSolutionNode = FALSE
	EndGlobalSection
	GlobalSection(ExtensibilityGlobals) = postSolution
		SolutionGuid = {428BF579-40F6-4743-AF42-54E41597CE61}
	EndGlobalSection
EndGlobal
